
Microsoft Visual Studio Solution File, Format Version 12.00
# Visual Studio Version 17
VisualStudioVersion = 17.14.36915.13
MinimumVisualStudioVersion = 10.0.40219.1
Project("{FAE04EC0-301F-11D3-BF4B-00C04F79EFBC}") = "Contoso.AI.PersonDetector", "Contoso.AI.PersonDetector\Contoso.AI.PersonDetector.csproj", "{E1C4463B-B838-AC05-8881-832A30F46FD9}"
EndProject
Project("{FAE04EC0-301F-11D3-BF4B-00C04F79EFBC}") = "Contoso.AI.PersonDetector.ConsoleTest", "Contoso.AI.PersonDetector.ConsoleTest\Contoso.AI.PersonDetector.ConsoleTest.csproj", "{23EBDAAF-CCD3-4F68-B708-3403FCE37982}"
EndProject
Global
	GlobalSection(SolutionConfigurationPlatforms) = preSolution
		Debug|Any CPU = Debug|Any CPU
		Debug|x64 = Debug|x64
		Release|Any CPU = Release|Any CPU
		Release|x64 = Release|x64
	EndGlobalSection
	GlobalSection(ProjectConfigurationPlatforms) = postSolution
		{E1C4463B-B838-AC05-8881-832A30F46FD9}.Debug|Any CPU.ActiveCfg = Debug|Any CPU
		{E1C4463B-B838-AC05-8881-832A30F46FD9}.Debug|Any CPU.Build.0 = Debug|Any CPU
		{E1C4463B-B838-AC05-8881-832A30F46FD9}.Debug|x64.ActiveCfg = Debug|x64
		{E1C4463B-B838-AC05-8881-832A30F46FD9}.Debug|x64.Build.0 = Debug|x64
		{E1C4463B-B838-AC05-8881-832A30F46FD9}.Release|Any CPU.ActiveCfg = Release|Any CPU
		{E1C4463B-B838-AC05-8881-832A30F46FD9}.Release|Any CPU.Build.0 = Release|Any CPU
		{E1C4463B-B838-AC05-8881-832A30F46FD9}.Release|x64.ActiveCfg = Release|x64
		{E1C4463B-B838-AC05-8881-832A30F46FD9}.Release|x64.Build.0 = Release|x64
		{23EBDAAF-CCD3-4F68-B708-3403FCE37982}.Debug|Any CPU.ActiveCfg = Debug|Any CPU
		{23EBDAAF-CCD3-4F68-B708-3403FCE37982}.Debug|Any CPU.Build.0 = Debug|Any CPU
		{23EBDAAF-CCD3-4F68-B708-3403FCE37982}.Debug|x64.ActiveCfg = Debug|x64
		{23EBDAAF-CCD3-4F68-B708-3403FCE37982}.Debug|x64.Build.0 = Debug|x64
		{23EBDAAF-CCD3-4F68-B708-3403FCE37982}.Release|Any CPU.ActiveCfg = Release|Any CPU
		{23EBDAAF-CCD3-4F68-B708-3403FCE37982}.Release|Any CPU.Build.0 = Release|Any CPU
		{23EBDAAF-CCD3-4F68-B708-3403FCE37982}.Release|x64.ActiveCfg = Release|x64
		{23EBDAAF-CCD3-4F68-B708-3403FCE37982}.Release|x64.Build.0 = Release|x64
	EndGlobalSection
	GlobalSection(SolutionProperties) = preSolution
		HideSolutionNode = FALSE
	EndGlobalSection
	GlobalSection(ExtensibilityGlobals) = postSolution
		SolutionGuid = {5F6B58E1-CC20-42C9-BE4F-1D09B61FB878}
	EndGlobalSection
EndGlobal
